
Microsoft Visual Studio Solution File, Format Version 12.00
# Visual Studio Version 17
VisualStudioVersion = 17.5.001.0
MinimumVisualStudioVersion = 10.0.40219.1
Project("{9A19103F-16F7-4668-BE54-9A1E7A4F7556}") = "rest-api-template", "rest-api-template.csproj", "{C8ADD602-28D1-45B8-A4FD-2AAF221B8E33}"
EndProject
Global
	GlobalSection(SolutionConfigurationPlatforms) = preSolution
		Debug|Any CPU = Debug|Any CPU
		Release|Any CPU = Release|Any CPU
	EndGlobalSection
	GlobalSection(ProjectConfigurationPlatforms) = postSolution
		{C8ADD602-28D1-45B8-A4FD-2AAF221B8E33}.Debug|Any CPU.ActiveCfg = Debug|Any CPU
		{C8ADD602-28D1-45B8-A4FD-2AAF221B8E33}.Debug|Any CPU.Build.0 = Debug|Any CPU
		{C8ADD602-28D1-45B8-A4FD-2AAF221B8E33}.Release|Any CPU.ActiveCfg = Release|Any CPU
		{C8ADD602-28D1-45B8-A4FD-2AAF221B8E33}.Release|Any CPU.Build.0 = Release|Any CPU
	EndGlobalSection
	GlobalSection(SolutionProperties) = preSolution
		HideSolutionNode = FALSE
	EndGlobalSection
	GlobalSection(ExtensibilityGlobals) = postSolution
		SolutionGuid = {08514889-6198-4AF1-8F97-212DD2FC16A6}
	EndGlobalSection
EndGlobal
